
Microsoft Visual Studio Solution File, Format Version 12.00
# Visual Studio 15
VisualStudioVersion = 15.0.28307.136
MinimumVisualStudioVersion = 10.0.40219.1
Project("{F184B08F-C81C-45F6-A57F-5ABD9991F28F}") = "sayedS_CalorieAppFinal", "sayedS_CalorieAppFinal\sayedS_CalorieAppFinal.vbproj", "{943F1BF6-ACBB-4DC0-9E31-C7065B643646}"
EndProject
Global
	GlobalSection(SolutionConfigurationPlatforms) = preSolution
		Debug|Any CPU = Debug|Any CPU
		Release|Any CPU = Release|Any CPU
	EndGlobalSection
	GlobalSection(ProjectConfigurationPlatforms) = postSolution
		{943F1BF6-ACBB-4DC0-9E31-C7065B643646}.Debug|Any CPU.ActiveCfg = Debug|Any CPU
		{943F1BF6-ACBB-4DC0-9E31-C7065B643646}.Debug|Any CPU.Build.0 = Debug|Any CPU
		{943F1BF6-ACBB-4DC0-9E31-C7065B643646}.Release|Any CPU.ActiveCfg = Release|Any CPU
		{943F1BF6-ACBB-4DC0-9E31-C7065B643646}.Release|Any CPU.Build.0 = Release|Any CPU
	EndGlobalSection
	GlobalSection(SolutionProperties) = preSolution
		HideSolutionNode = FALSE
	EndGlobalSection
	GlobalSection(ExtensibilityGlobals) = postSolution
		SolutionGuid = {533901D8-A383-427A-A522-DF14E9ABEFCC}
	EndGlobalSection
EndGlobal
